
Microsoft Visual Studio Solution File, Format Version 12.00
# Visual Studio Version 16
VisualStudioVersion = 16.0.30114.105
MinimumVisualStudioVersion = 10.0.40219.1
Project("{FAE04EC0-301F-11D3-BF4B-00C04F79EFBC}") = "AdvanceCore.API", "AdvanceCore.API\AdvanceCore.API.csproj", "{B366B232-055B-466C-9316-BA69636C52CB}"
EndProject
Project("{FAE04EC0-301F-11D3-BF4B-00C04F79EFBC}") = "AdvanceCore.Application", "AdvanceCore.Application\AdvanceCore.Application.csproj", "{0AF1EC5A-8BF7-45CF-B402-DFEF6D88E663}"
EndProject
Project("{FAE04EC0-301F-11D3-BF4B-00C04F79EFBC}") = "AdvanceCore.Contracts", "AdvanceCore.Contracts\AdvanceCore.Contracts.csproj", "{10A18D00-E50C-44D4-93B0-1871E793C0FE}"
EndProject
Project("{FAE04EC0-301F-11D3-BF4B-00C04F79EFBC}") = "AdvanceCore.Domain", "AdvanceCore.Domain\AdvanceCore.Domain.csproj", "{8544450C-BDA8-4B0A-87EB-8182A9D5B228}"
EndProject
Project("{FAE04EC0-301F-11D3-BF4B-00C04F79EFBC}") = "AdvanceCore.Infrastructure", "AdvanceCore.Infrastructure\AdvanceCore.Infrastructure.csproj", "{7D515255-9A48-40F1-ADEE-EFDF22CF769A}"
EndProject
Global
	GlobalSection(SolutionConfigurationPlatforms) = preSolution
		Debug|Any CPU = Debug|Any CPU
		Release|Any CPU = Release|Any CPU
	EndGlobalSection
	GlobalSection(SolutionProperties) = preSolution
		HideSolutionNode = FALSE
	EndGlobalSection
	GlobalSection(ProjectConfigurationPlatforms) = postSolution
		{B366B232-055B-466C-9316-BA69636C52CB}.Debug|Any CPU.ActiveCfg = Debug|Any CPU
		{B366B232-055B-466C-9316-BA69636C52CB}.Debug|Any CPU.Build.0 = Debug|Any CPU
		{B366B232-055B-466C-9316-BA69636C52CB}.Release|Any CPU.ActiveCfg = Release|Any CPU
		{B366B232-055B-466C-9316-BA69636C52CB}.Release|Any CPU.Build.0 = Release|Any CPU
		{0AF1EC5A-8BF7-45CF-B402-DFEF6D88E663}.Debug|Any CPU.ActiveCfg = Debug|Any CPU
		{0AF1EC5A-8BF7-45CF-B402-DFEF6D88E663}.Debug|Any CPU.Build.0 = Debug|Any CPU
		{0AF1EC5A-8BF7-45CF-B402-DFEF6D88E663}.Release|Any CPU.ActiveCfg = Release|Any CPU
		{0AF1EC5A-8BF7-45CF-B402-DFEF6D88E663}.Release|Any CPU.Build.0 = Release|Any CPU
		{10A18D00-E50C-44D4-93B0-1871E793C0FE}.Debug|Any CPU.ActiveCfg = Debug|Any CPU
		{10A18D00-E50C-44D4-93B0-1871E793C0FE}.Debug|Any CPU.Build.0 = Debug|Any CPU
		{10A18D00-E50C-44D4-93B0-1871E793C0FE}.Release|Any CPU.ActiveCfg = Release|Any CPU
		{10A18D00-E50C-44D4-93B0-1871E793C0FE}.Release|Any CPU.Build.0 = Release|Any CPU
		{8544450C-BDA8-4B0A-87EB-8182A9D5B228}.Debug|Any CPU.ActiveCfg = Debug|Any CPU
		{8544450C-BDA8-4B0A-87EB-8182A9D5B228}.Debug|Any CPU.Build.0 = Debug|Any CPU
		{8544450C-BDA8-4B0A-87EB-8182A9D5B228}.Release|Any CPU.ActiveCfg = Release|Any CPU
		{8544450C-BDA8-4B0A-87EB-8182A9D5B228}.Release|Any CPU.Build.0 = Release|Any CPU
		{7D515255-9A48-40F1-ADEE-EFDF22CF769A}.Debug|Any CPU.ActiveCfg = Debug|Any CPU
		{7D515255-9A48-40F1-ADEE-EFDF22CF769A}.Debug|Any CPU.Build.0 = Debug|Any CPU
		{7D515255-9A48-40F1-ADEE-EFDF22CF769A}.Release|Any CPU.ActiveCfg = Release|Any CPU
		{7D515255-9A48-40F1-ADEE-EFDF22CF769A}.Release|Any CPU.Build.0 = Release|Any CPU
	EndGlobalSection
EndGlobal
